
Microsoft Visual Studio Solution File, Format Version 12.00
# Visual Studio Version 17
VisualStudioVersion = 17.6.33717.318
MinimumVisualStudioVersion = 10.0.40219.1
Project("{FAE04EC0-301F-11D3-BF4B-00C04F79EFBC}") = "WinFormsApp1", "WinFormsApp1\WinFormsApp1.csproj", "{78ACD5F6-CD88-4835-94C8-E2AE116EAC92}"
EndProject
Global
	GlobalSection(SolutionConfigurationPlatforms) = preSolution
		Debug|Any CPU = Debug|Any CPU
		Release|Any CPU = Release|Any CPU
	EndGlobalSection
	GlobalSection(ProjectConfigurationPlatforms) = postSolution
		{78ACD5F6-CD88-4835-94C8-E2AE116EAC92}.Debug|Any CPU.ActiveCfg = Debug|Any CPU
		{78ACD5F6-CD88-4835-94C8-E2AE116EAC92}.Debug|Any CPU.Build.0 = Debug|Any CPU
		{78ACD5F6-CD88-4835-94C8-E2AE116EAC92}.Release|Any CPU.ActiveCfg = Release|Any CPU
		{78ACD5F6-CD88-4835-94C8-E2AE116EAC92}.Release|Any CPU.Build.0 = Release|Any CPU
	EndGlobalSection
	GlobalSection(SolutionProperties) = preSolution
		HideSolutionNode = FALSE
	EndGlobalSection
	GlobalSection(ExtensibilityGlobals) = postSolution
		SolutionGuid = {36CB1B82-5CBF-4CA7-9551-8B2D0CDD1259}
	EndGlobalSection
EndGlobal
